PODS:
  - Mapbox-iOS-SDK (6.3.0):
    - MapboxMobileEvents (~> 0.10.4)
  - MapboxMobileEvents (0.10.7)

DEPENDENCIES:
  - Mapbox-iOS-SDK (~> 6.3.0)

SPEC REPOS:
  trunk:
    - Mapbox-iOS-SDK
    - MapboxMobileEvents

SPEC CHECKSUMS:
  Mapbox-iOS-SDK: 6a67397df2bcafe5d2851604192aa8de6f8d6c89
  MapboxMobileEvents: d0a581dedd8f47411cc65ea520b965e83914316e

PODFILE CHECKSUM: 800094684d84c26d404d31245ccb3dabc596fa6f

COCOAPODS: 1.10.0.rc.1
