PODS:
  - lottie-ios (3.2.1)
  - Mapbox-iOS-SDK (6.3.0):
    - MapboxMobileEvents (~> 0.10.4)
  - MapboxMobileEvents (0.10.7)
  - PushNotifications (3.0.4)

DEPENDENCIES:
  - lottie-ios
  - Mapbox-iOS-SDK (~> 6.3.0)
  - PushNotifications (~> 3.0.4)

SPEC REPOS:
  trunk:
    - lottie-ios
    - Mapbox-iOS-SDK
    - MapboxMobileEvents
    - PushNotifications

SPEC CHECKSUMS:
  lottie-ios: 106e92eaf11fbed0a76590b4cdb9b5ec26123ff7
  Mapbox-iOS-SDK: 2563ed87ead6ec08f1c2090873977b8a7be335a8
  MapboxMobileEvents: d0a581dedd8f47411cc65ea520b965e83914316e
  PushNotifications: 6e3d148e5e129af9d4a9279b288c934f9a7f9066

PODFILE CHECKSUM: 85a0f0c8b8e5066f6deabcef3ff388c576381011

COCOAPODS: 1.10.0
